
Microsoft Visual Studio Solution File, Format Version 12.00
# Visual Studio 15
VisualStudioVersion = 15.0.28307.329
MinimumVisualStudioVersion = 10.0.40219.1
Project("{9A19103F-16F7-4668-BE54-9A1E7A4F7556}") = "001_VirtualMemberCallInCtor", "001_VirtualMemberCallInCtor\001_VirtualMemberCallInCtor.csproj", "{31EA3319-3067-4BAD-9CCD-9D55DACD2D9B}"
EndProject
Project("{9A19103F-16F7-4668-BE54-9A1E7A4F7556}") = "002_CovariantAndContrvariant", "002_CovariantAndContrvariant\002_CovariantAndContrvariant.csproj", "{BAF9865E-FB78-433B-83EC-1650EF9FBE36}"
EndProject
Project("{9A19103F-16F7-4668-BE54-9A1E7A4F7556}") = "003_Delegates", "003_Delegates\003_Delegates.csproj", "{4D505C2D-6A76-4DC8-89A1-B2A717B60041}"
EndProject
Project("{9A19103F-16F7-4668-BE54-9A1E7A4F7556}") = "004_Events", "004_Events\004_Events.csproj", "{14F7D023-4BE4-48BD-93E2-7B64DBEDB9D7}"
EndProject
Project("{FAE04EC0-301F-11D3-BF4B-00C04F79EFBC}") = "005_Exceptions", "005_Exceptions\005_Exceptions.csproj", "{604FAA09-EF49-46B9-BBCD-2B1EBCE60102}"
EndProject
Project("{FAE04EC0-301F-11D3-BF4B-00C04F79EFBC}") = "006_Iteration", "006_Iteration\006_Iteration.csproj", "{A53219D3-9C11-4BC1-86CF-8446783C2998}"
EndProject
Project("{FAE04EC0-301F-11D3-BF4B-00C04F79EFBC}") = "007_Extensions", "007_Extensions\007_Extensions.csproj", "{A729D9B4-69F3-47F6-BE29-22F764EB4D7F}"
EndProject
Project("{FAE04EC0-301F-11D3-BF4B-00C04F79EFBC}") = "008_AnonymousTypes", "008_AnonymousTypes\008_AnonymousTypes.csproj", "{3344CA84-DD88-465B-B287-47C7A80A5F39}"
EndProject
Project("{FAE04EC0-301F-11D3-BF4B-00C04F79EFBC}") = "009_InfoAttributes", "009_InfoAttributes\009_InfoAttributes.csproj", "{619D447F-18CA-416C-9429-B3670337F76C}"
EndProject
Global
	GlobalSection(SolutionConfigurationPlatforms) = preSolution
		Debug|Any CPU = Debug|Any CPU
		Release|Any CPU = Release|Any CPU
	EndGlobalSection
	GlobalSection(ProjectConfigurationPlatforms) = postSolution
		{31EA3319-3067-4BAD-9CCD-9D55DACD2D9B}.Debug|Any CPU.ActiveCfg = Debug|Any CPU
		{31EA3319-3067-4BAD-9CCD-9D55DACD2D9B}.Debug|Any CPU.Build.0 = Debug|Any CPU
		{31EA3319-3067-4BAD-9CCD-9D55DACD2D9B}.Release|Any CPU.ActiveCfg = Release|Any CPU
		{31EA3319-3067-4BAD-9CCD-9D55DACD2D9B}.Release|Any CPU.Build.0 = Release|Any CPU
		{BAF9865E-FB78-433B-83EC-1650EF9FBE36}.Debug|Any CPU.ActiveCfg = Debug|Any CPU
		{BAF9865E-FB78-433B-83EC-1650EF9FBE36}.Debug|Any CPU.Build.0 = Debug|Any CPU
		{BAF9865E-FB78-433B-83EC-1650EF9FBE36}.Release|Any CPU.ActiveCfg = Release|Any CPU
		{BAF9865E-FB78-433B-83EC-1650EF9FBE36}.Release|Any CPU.Build.0 = Release|Any CPU
		{4D505C2D-6A76-4DC8-89A1-B2A717B60041}.Debug|Any CPU.ActiveCfg = Debug|Any CPU
		{4D505C2D-6A76-4DC8-89A1-B2A717B60041}.Debug|Any CPU.Build.0 = Debug|Any CPU
		{4D505C2D-6A76-4DC8-89A1-B2A717B60041}.Release|Any CPU.ActiveCfg = Release|Any CPU
		{4D505C2D-6A76-4DC8-89A1-B2A717B60041}.Release|Any CPU.Build.0 = Release|Any CPU
		{14F7D023-4BE4-48BD-93E2-7B64DBEDB9D7}.Debug|Any CPU.ActiveCfg = Debug|Any CPU
		{14F7D023-4BE4-48BD-93E2-7B64DBEDB9D7}.Debug|Any CPU.Build.0 = Debug|Any CPU
		{14F7D023-4BE4-48BD-93E2-7B64DBEDB9D7}.Release|Any CPU.ActiveCfg = Release|Any CPU
		{14F7D023-4BE4-48BD-93E2-7B64DBEDB9D7}.Release|Any CPU.Build.0 = Release|Any CPU
		{604FAA09-EF49-46B9-BBCD-2B1EBCE60102}.Debug|Any CPU.ActiveCfg = Debug|Any CPU
		{604FAA09-EF49-46B9-BBCD-2B1EBCE60102}.Debug|Any CPU.Build.0 = Debug|Any CPU
		{604FAA09-EF49-46B9-BBCD-2B1EBCE60102}.Release|Any CPU.ActiveCfg = Release|Any CPU
		{604FAA09-EF49-46B9-BBCD-2B1EBCE60102}.Release|Any CPU.Build.0 = Release|Any CPU
		{A53219D3-9C11-4BC1-86CF-8446783C2998}.Debug|Any CPU.ActiveCfg = Debug|Any CPU
		{A53219D3-9C11-4BC1-86CF-8446783C2998}.Debug|Any CPU.Build.0 = Debug|Any CPU
		{A53219D3-9C11-4BC1-86CF-8446783C2998}.Release|Any CPU.ActiveCfg = Release|Any CPU
		{A53219D3-9C11-4BC1-86CF-8446783C2998}.Release|Any CPU.Build.0 = Release|Any CPU
		{A729D9B4-69F3-47F6-BE29-22F764EB4D7F}.Debug|Any CPU.ActiveCfg = Debug|Any CPU
		{A729D9B4-69F3-47F6-BE29-22F764EB4D7F}.Debug|Any CPU.Build.0 = Debug|Any CPU
		{A729D9B4-69F3-47F6-BE29-22F764EB4D7F}.Release|Any CPU.ActiveCfg = Release|Any CPU
		{A729D9B4-69F3-47F6-BE29-22F764EB4D7F}.Release|Any CPU.Build.0 = Release|Any CPU
		{3344CA84-DD88-465B-B287-47C7A80A5F39}.Debug|Any CPU.ActiveCfg = Debug|Any CPU
		{3344CA84-DD88-465B-B287-47C7A80A5F39}.Debug|Any CPU.Build.0 = Debug|Any CPU
		{3344CA84-DD88-465B-B287-47C7A80A5F39}.Release|Any CPU.ActiveCfg = Release|Any CPU
		{3344CA84-DD88-465B-B287-47C7A80A5F39}.Release|Any CPU.Build.0 = Release|Any CPU
		{619D447F-18CA-416C-9429-B3670337F76C}.Debug|Any CPU.ActiveCfg = Debug|Any CPU
		{619D447F-18CA-416C-9429-B3670337F76C}.Debug|Any CPU.Build.0 = Debug|Any CPU
		{619D447F-18CA-416C-9429-B3670337F76C}.Release|Any CPU.ActiveCfg = Release|Any CPU
		{619D447F-18CA-416C-9429-B3670337F76C}.Release|Any CPU.Build.0 = Release|Any CPU
	EndGlobalSection
	GlobalSection(SolutionProperties) = preSolution
		HideSolutionNode = FALSE
	EndGlobalSection
	GlobalSection(ExtensibilityGlobals) = postSolution
		SolutionGuid = {D0FF1720-F15B-41DA-988D-E1D36F9A3BB5}
	EndGlobalSection
EndGlobal
